
Microsoft Visual Studio Solution File, Format Version 12.00
# Visual Studio Version 16
VisualStudioVersion = 16.0.29609.76
MinimumVisualStudioVersion = 10.0.40219.1
Project("{FAE04EC0-301F-11D3-BF4B-00C04F79EFBC}") = "Clase0.Consola", "Clase0.Consola\Clase0.Consola.csproj", "{EBDFA3A8-EFB3-41C2-AE48-573F522BE864}"
EndProject
Global
	GlobalSection(SolutionConfigurationPlatforms) = preSolution
		Debug|Any CPU = Debug|Any CPU
		Release|Any CPU = Release|Any CPU
	EndGlobalSection
	GlobalSection(ProjectConfigurationPlatforms) = postSolution
		{EBDFA3A8-EFB3-41C2-AE48-573F522BE864}.Debug|Any CPU.ActiveCfg = Debug|Any CPU
		{EBDFA3A8-EFB3-41C2-AE48-573F522BE864}.Debug|Any CPU.Build.0 = Debug|Any CPU
		{EBDFA3A8-EFB3-41C2-AE48-573F522BE864}.Release|Any CPU.ActiveCfg = Release|Any CPU
		{EBDFA3A8-EFB3-41C2-AE48-573F522BE864}.Release|Any CPU.Build.0 = Release|Any CPU
	EndGlobalSection
	GlobalSection(SolutionProperties) = preSolution
		HideSolutionNode = FALSE
	EndGlobalSection
	GlobalSection(ExtensibilityGlobals) = postSolution
		SolutionGuid = {0EBF023B-C060-433B-80E4-B87DE67B5E1B}
	EndGlobalSection
EndGlobal
